schema: '2.0'
stages:
  train-text:
    cmd: uv run python -m src.pipeline.text_pipeline --mode train
    deps:
    - path: configs/text_preprocessing_config.yaml
      hash: md5
      md5: d9fceaeefe907a4546210b4260f7b408
      size: 216
    - path: configs/text_train_config.yaml
      hash: md5
      md5: c643e9a025aa32e00f245686859900f6
      size: 450
    - path: data/processed/
      hash: md5
      md5: 846623ec05de6f08329aec6da1a83406.dir
      size: 152507972
      nfiles: 3
    - path: src/
      hash: md5
      md5: efc708f7e52780def6ad29b7efdb6529.dir
      size: 737457
      nfiles: 124
    params:
      configs/text_train_config.yaml:
        model:
          name: bert-base-multilingual-cased
          pretrained: true
          freeze_backbone: false
        training:
          learning_rate: 2e-05
          early_stopping_patience: 1
          num_epochs: 1
          batch_size: 32
          weight_decay: 0.05
          num_workers: 2
          seed: 42
    outs:
    - path: results/dvc_metrics.json
      hash: md5
      md5: c6438b97701b94ca5a00c01b9a004066
      size: 112
  preprocess-text:
    cmd: uv run python -m src.pipeline.preprocess_text_pipeline
    deps:
    - path: configs/label_encoding.json
      hash: md5
      md5: f23130caa72489c119a965001fa80e6c
      size: 1158
    - path: configs/text_preprocessing_config.yaml
      hash: md5
      md5: d9fceaeefe907a4546210b4260f7b408
      size: 216
    - path: data/raw/X_train_update.csv
      hash: md5
      md5: c936389910c88bb29bf2c438af3476df
      size: 54129120
      isexec: true
    - path: data/raw/Y_train_CVw08PX.csv
      hash: md5
      md5: 52d45c998ddc0c10f05987bb233ff5e7
      size: 906705
      isexec: true
    - path: src/
      hash: md5
      md5: efc708f7e52780def6ad29b7efdb6529.dir
      size: 737457
      nfiles: 124
    outs:
    - path: artifacts/splits/
      hash: md5
      md5: 38308f015517a8ea55b750c7fb2b9bb8.dir
      size: 498407
      nfiles: 3
    - path: data/processed/
      hash: md5
      md5: 846623ec05de6f08329aec6da1a83406.dir
      size: 152507972
      nfiles: 3
  preprocess-text-new:
    cmd: uv run python -m src.pipeline.preprocess_text_pipeline 
      --x_data_csv_path data/raw/X_train_new.csv --y_data_csv_path 
      data/raw/Y_train_new.csv --output_dir data/processed_new --split_ids_dir 
      artifacts/splits_new --force_new_split
    deps:
    - path: configs/label_encoding.json
      hash: md5
      md5: f23130caa72489c119a965001fa80e6c
      size: 1158
    - path: configs/text_preprocessing_config.yaml
      hash: md5
      md5: d9fceaeefe907a4546210b4260f7b408
      size: 216
    - path: data/raw/X_train_new.csv
      hash: md5
      md5: f3f91aabd909f4f81887036f4e723f74
      size: 8574
    - path: data/raw/Y_train_new.csv
      hash: md5
      md5: 5e005b0d4e36848a4221eb3724bcd612
      size: 83
    - path: src/
      hash: md5
      md5: a5afe668f2ac1efed01c213eeecb15e5.dir
      size: 737457
      nfiles: 124
    outs:
    - path: artifacts/splits_new/
      hash: md5
      md5: 6b1c86ab1497aeda45c577dcdacca9ae.dir
      size: 41
      nfiles: 3
    - path: data/processed_new/
      hash: md5
      md5: 47f7ba0f5b3a8bbc8fa7ba09d6f91d6a.dir
      size: 24923
      nfiles: 3
  finetune-text:
    cmd: uv run python -m src.pipeline.finetune_pipeline --mode finetune
    deps:
    - path: configs/text_finetune_config.yaml
      hash: md5
      md5: 154e6ecab86bad992cf6593f5abeef32
      size: 428
    - path: configs/text_preprocessing_config.yaml
      hash: md5
      md5: d9fceaeefe907a4546210b4260f7b408
      size: 216
    - path: data/processed/
      hash: md5
      md5: 846623ec05de6f08329aec6da1a83406.dir
      size: 152507972
      nfiles: 3
    - path: data/processed_new/
      hash: md5
      md5: 47f7ba0f5b3a8bbc8fa7ba09d6f91d6a.dir
      size: 24923
      nfiles: 3
    - path: src/
      hash: md5
      md5: a5afe668f2ac1efed01c213eeecb15e5.dir
      size: 737457
      nfiles: 124
    params:
      configs/text_finetune_config.yaml:
        model:
          name: bert-base-multilingual-cased
          mlflow_model_name: text-classifier
          mlflow_alias: production
        training:
          seed: 42
          batch_size: 32
          num_epochs: 1
          learning_rate: 1e-06
          weight_decay: 0.01
          num_workers: 0
          subset: 0
    outs:
    - path: results/dvc_metrics_finetune.json
      hash: md5
      md5: 19c8302bcc21b3e1d94c22b7d1b4397f
      size: 113
