schema: '2.0'
stages:
  train-text:
    cmd: uv run python -m src.pipeline.text_pipeline --mode train
    deps:
    - path: configs/text_preprocessing_config.yaml
      hash: md5
      md5: 7c2509d0a743b10dd2087338c7388662
      size: 208
    - path: configs/text_train_config.yaml
      hash: md5
      md5: 070017dee63207628326f1d9c2c4a9f9
      size: 450
    - path: data/processed/
      hash: md5
      md5: 4f251191a68dd3074c65ed133e730c6f.dir
      size: 152067748
      nfiles: 3
    - path: src/
      hash: md5
      md5: 4096146a003ab6f27a770bcc03310e22.dir
      size: 659723
      nfiles: 112
    params:
      configs/text_train_config.yaml:
        model:
          name: bert-base-multilingual-cased
          pretrained: true
          freeze_backbone: false
        training:
          learning_rate: 1e-05
          early_stopping_patience: 1
          num_epochs: 7
          batch_size: 32
          weight_decay: 0.05
          num_workers: 4
          seed: 42
    outs:
    - path: results/dvc_metrics.json
      hash: md5
      md5: e73394210420c374a1830cef69433592
      size: 112
  preprocess-text:
    cmd: uv run python -m src.pipeline.preprocess_text_pipeline
    deps:
    - path: configs/label_encoding.json
      hash: md5
      md5: f23130caa72489c119a965001fa80e6c
      size: 1158
    - path: configs/text_preprocessing_config.yaml
      hash: md5
      md5: 7c2509d0a743b10dd2087338c7388662
      size: 208
    - path: data/raw/X_train_update.csv
      hash: md5
      md5: c936389910c88bb29bf2c438af3476df
      size: 54129120
    - path: data/raw/Y_train_CVw08PX.csv
      hash: md5
      md5: 52d45c998ddc0c10f05987bb233ff5e7
      size: 906705
    - path: src/
      hash: md5
      md5: 4096146a003ab6f27a770bcc03310e22.dir
      size: 659723
      nfiles: 112
    outs:
    - path: artifacts/splits/
      hash: md5
      md5: 38308f015517a8ea55b750c7fb2b9bb8.dir
      size: 498407
      nfiles: 3
    - path: data/processed/
      hash: md5
      md5: 4f251191a68dd3074c65ed133e730c6f.dir
      size: 152067748
      nfiles: 3
