schema: '2.0'
stages:
  train-text:
    cmd: uv run python -m src.pipeline.text_pipeline --mode train
    deps:
    - path: configs/text_preprocessing_config.yaml
      hash: md5
      md5: d9fceaeefe907a4546210b4260f7b408
      size: 216
    - path: configs/text_train_config.yaml
      hash: md5
      md5: 4adf322c182cd31b660ae0bf92175fa3
      size: 450
    - path: data/processed/
      hash: md5
      md5: 846623ec05de6f08329aec6da1a83406.dir
      size: 152507972
      nfiles: 3
    - path: src/
      hash: md5
      md5: 72e449dc0c735949166c41286e795f90.dir
      size: 285763
      nfiles: 46
    params:
      configs/text_train_config.yaml:
        model:
          name: bert-base-multilingual-cased
          pretrained: true
          freeze_backbone: false
        training:
          learning_rate: 2e-05
          early_stopping_patience: 1
          num_epochs: 1
          batch_size: 32
          weight_decay: 0.05
          num_workers: 4
          seed: 42
    outs:
    - path: results/dvc_metrics.json
      hash: md5
      md5: 89818cab582b61a48ccc7c42d406d888
      size: 112
  preprocess-text:
    cmd: uv run python -m src.pipeline.preprocess_text_pipeline
    deps:
    - path: configs/label_encoding.json
      hash: md5
      md5: 67832ada78a336385098f932377bacc2
      size: 2473
    - path: configs/text_preprocessing_config.yaml
      hash: md5
      md5: d9fceaeefe907a4546210b4260f7b408
      size: 216
    - path: data/raw/X_train_update.csv
      hash: md5
      md5: c936389910c88bb29bf2c438af3476df
      size: 54129120
      isexec: true
    - path: data/raw/Y_train_CVw08PX.csv
      hash: md5
      md5: 52d45c998ddc0c10f05987bb233ff5e7
      size: 906705
      isexec: true
    - path: src/
      hash: md5
      md5: 72e449dc0c735949166c41286e795f90.dir
      size: 285763
      nfiles: 46
    outs:
    - path: artifacts/splits/
      hash: md5
      md5: 38308f015517a8ea55b750c7fb2b9bb8.dir
      size: 498407
      nfiles: 3
    - path: data/processed/
      hash: md5
      md5: 846623ec05de6f08329aec6da1a83406.dir
      size: 152507972
      nfiles: 3
  preprocess-text-new:
    cmd: uv run python -m src.pipeline.preprocess_text_pipeline 
      --x_data_csv_path data/raw/X_train_new.csv --y_data_csv_path 
      data/raw/Y_train_new.csv --output_dir data/processed_new --split_ids_dir 
      artifacts/splits_new --force_new_split
    deps:
    - path: configs/label_encoding.json
      hash: md5
      md5: 67832ada78a336385098f932377bacc2
      size: 2473
    - path: configs/text_preprocessing_config.yaml
      hash: md5
      md5: d9fceaeefe907a4546210b4260f7b408
      size: 216
    - path: data/raw/X_train_new.csv
      hash: md5
      md5: 31dc3cbc9acebb6364a25931c2475561
      size: 196473
      isexec: true
    - path: data/raw/Y_train_new.csv
      hash: md5
      md5: 84b3e32b285c5aceed1597ed32576fb3
      size: 1691
      isexec: true
    - path: src/
      hash: md5
      md5: 72e449dc0c735949166c41286e795f90.dir
      size: 285763
      nfiles: 46
    outs:
    - path: artifacts/splits_new/
      hash: md5
      md5: 04f3f81286307ddf41b47dccff175b9a.dir
      size: 711
      nfiles: 3
    - path: data/processed_new/
      hash: md5
      md5: 236ea3afd169e5652b9c0b92e48f3d81.dir
      size: 554353
      nfiles: 3
  finetune-text:
    cmd: uv run python -m src.pipeline.finetune_pipeline --mode finetune
    deps:
    - path: configs/text_finetune_config.yaml
      hash: md5
      md5: 6b587aa5f1d7e78411b5dfd66eb5681c
      size: 430
    - path: configs/text_preprocessing_config.yaml
      hash: md5
      md5: d9fceaeefe907a4546210b4260f7b408
      size: 216
    - path: data/processed/
      hash: md5
      md5: 846623ec05de6f08329aec6da1a83406.dir
      size: 152507972
      nfiles: 3
    - path: data/processed_new/
      hash: md5
      md5: 236ea3afd169e5652b9c0b92e48f3d81.dir
      size: 554353
      nfiles: 3
    - path: src/
      hash: md5
      md5: 72e449dc0c735949166c41286e795f90.dir
      size: 285763
      nfiles: 46
    params:
      configs/text_finetune_config.yaml:
        model:
          name: bert-base-multilingual-cased
          mlflow_model_name: text-classifier
          mlflow_alias: production
        training:
          seed: 42
          batch_size: 32
          num_epochs: 1
          learning_rate: 5e-07
          weight_decay: 0.01
          num_workers: 0
          subset: 0
    outs:
    - path: results/dvc_metrics_finetune.json
      hash: md5
      md5: da97b47a63d6b3142a1b2e268e466372
      size: 112
